
Microsoft Visual Studio Solution File, Format Version 12.00
# Visual Studio 2013
VisualStudioVersion = 12.0.31101.0
MinimumVisualStudioVersion = 10.0.40219.1
Project("{FAE04EC0-301F-11D3-BF4B-00C04F79EFBC}") = "Point3D", "Point3D\Point3D.csproj", "{3C7EB9D0-E330-4893-B183-C0E67971864B}"
EndProject
Project("{FAE04EC0-301F-11D3-BF4B-00C04F79EFBC}") = "GenericList", "GenericList\GenericList.csproj", "{E6032E6C-BA09-41FC-919E-17D06E1CA7D5}"
EndProject
Project("{FAE04EC0-301F-11D3-BF4B-00C04F79EFBC}") = "Matrix", "Matrix\Matrix.csproj", "{65C14185-AC0A-4640-96E1-1CC526156BCC}"
EndProject
Global
	GlobalSection(SolutionConfigurationPlatforms) = preSolution
		Debug|Any CPU = Debug|Any CPU
		Release|Any CPU = Release|Any CPU
	EndGlobalSection
	GlobalSection(ProjectConfigurationPlatforms) = postSolution
		{3C7EB9D0-E330-4893-B183-C0E67971864B}.Debug|Any CPU.ActiveCfg = Debug|Any CPU
		{3C7EB9D0-E330-4893-B183-C0E67971864B}.Debug|Any CPU.Build.0 = Debug|Any CPU
		{3C7EB9D0-E330-4893-B183-C0E67971864B}.Release|Any CPU.ActiveCfg = Release|Any CPU
		{3C7EB9D0-E330-4893-B183-C0E67971864B}.Release|Any CPU.Build.0 = Release|Any CPU
		{E6032E6C-BA09-41FC-919E-17D06E1CA7D5}.Debug|Any CPU.ActiveCfg = Debug|Any CPU
		{E6032E6C-BA09-41FC-919E-17D06E1CA7D5}.Debug|Any CPU.Build.0 = Debug|Any CPU
		{E6032E6C-BA09-41FC-919E-17D06E1CA7D5}.Release|Any CPU.ActiveCfg = Release|Any CPU
		{E6032E6C-BA09-41FC-919E-17D06E1CA7D5}.Release|Any CPU.Build.0 = Release|Any CPU
		{65C14185-AC0A-4640-96E1-1CC526156BCC}.Debug|Any CPU.ActiveCfg = Debug|Any CPU
		{65C14185-AC0A-4640-96E1-1CC526156BCC}.Debug|Any CPU.Build.0 = Debug|Any CPU
		{65C14185-AC0A-4640-96E1-1CC526156BCC}.Release|Any CPU.ActiveCfg = Release|Any CPU
		{65C14185-AC0A-4640-96E1-1CC526156BCC}.Release|Any CPU.Build.0 = Release|Any CPU
	EndGlobalSection
	GlobalSection(SolutionProperties) = preSolution
		HideSolutionNode = FALSE
	EndGlobalSection
EndGlobal
