
Microsoft Visual Studio Solution File, Format Version 12.00
# Visual Studio 14
VisualStudioVersion = 14.0.24720.0
MinimumVisualStudioVersion = 10.0.40219.1
Project("{FAE04EC0-301F-11D3-BF4B-00C04F79EFBC}") = "Task1", "Task1\Task1.csproj", "{03055CAE-81F5-47C8-8ACE-C007C8A1C781}"
EndProject
Project("{FAE04EC0-301F-11D3-BF4B-00C04F79EFBC}") = "Task3", "Task3\Task3.csproj", "{B6E348EE-F2A7-4458-A12C-A45B305465FB}"
EndProject
Project("{FAE04EC0-301F-11D3-BF4B-00C04F79EFBC}") = "Task4", "Task4\Task4.csproj", "{D1FDF03D-973B-4608-9A12-D378270A5C28}"
EndProject
Global
	GlobalSection(SolutionConfigurationPlatforms) = preSolution
		Debug|Any CPU = Debug|Any CPU
		Release|Any CPU = Release|Any CPU
	EndGlobalSection
	GlobalSection(ProjectConfigurationPlatforms) = postSolution
		{03055CAE-81F5-47C8-8ACE-C007C8A1C781}.Debug|Any CPU.ActiveCfg = Debug|Any CPU
		{03055CAE-81F5-47C8-8ACE-C007C8A1C781}.Debug|Any CPU.Build.0 = Debug|Any CPU
		{03055CAE-81F5-47C8-8ACE-C007C8A1C781}.Release|Any CPU.ActiveCfg = Release|Any CPU
		{03055CAE-81F5-47C8-8ACE-C007C8A1C781}.Release|Any CPU.Build.0 = Release|Any CPU
		{B6E348EE-F2A7-4458-A12C-A45B305465FB}.Debug|Any CPU.ActiveCfg = Debug|Any CPU
		{B6E348EE-F2A7-4458-A12C-A45B305465FB}.Debug|Any CPU.Build.0 = Debug|Any CPU
		{B6E348EE-F2A7-4458-A12C-A45B305465FB}.Release|Any CPU.ActiveCfg = Release|Any CPU
		{B6E348EE-F2A7-4458-A12C-A45B305465FB}.Release|Any CPU.Build.0 = Release|Any CPU
		{D1FDF03D-973B-4608-9A12-D378270A5C28}.Debug|Any CPU.ActiveCfg = Debug|Any CPU
		{D1FDF03D-973B-4608-9A12-D378270A5C28}.Debug|Any CPU.Build.0 = Debug|Any CPU
		{D1FDF03D-973B-4608-9A12-D378270A5C28}.Release|Any CPU.ActiveCfg = Release|Any CPU
		{D1FDF03D-973B-4608-9A12-D378270A5C28}.Release|Any CPU.Build.0 = Release|Any CPU
	EndGlobalSection
	GlobalSection(SolutionProperties) = preSolution
		HideSolutionNode = FALSE
	EndGlobalSection
EndGlobal
