
Microsoft Visual Studio Solution File, Format Version 12.00
# Visual Studio 14
VisualStudioVersion = 14.0.25420.1
MinimumVisualStudioVersion = 10.0.40219.1
Project("{FAE04EC0-301F-11D3-BF4B-00C04F79EFBC}") = "SchoolClasses", "SchoolClasses\SchoolClasses.csproj", "{584F5B98-304E-4519-A864-7FD917237139}"
EndProject
Project("{FAE04EC0-301F-11D3-BF4B-00C04F79EFBC}") = "StudentsAndWorkers", "StudentsAndWorkers\StudentsAndWorkers.csproj", "{7C1F9A4B-0918-4C2F-86FE-19060B5B4A9D}"
EndProject
Project("{FAE04EC0-301F-11D3-BF4B-00C04F79EFBC}") = "AnimalHierarchy", "AnimalHierarchy\AnimalHierarchy.csproj", "{BF96A771-1C89-475B-9CD2-003CA5F820AC}"
EndProject
Global
	GlobalSection(SolutionConfigurationPlatforms) = preSolution
		Debug|Any CPU = Debug|Any CPU
		Release|Any CPU = Release|Any CPU
	EndGlobalSection
	GlobalSection(ProjectConfigurationPlatforms) = postSolution
		{584F5B98-304E-4519-A864-7FD917237139}.Debug|Any CPU.ActiveCfg = Debug|Any CPU
		{584F5B98-304E-4519-A864-7FD917237139}.Debug|Any CPU.Build.0 = Debug|Any CPU
		{584F5B98-304E-4519-A864-7FD917237139}.Release|Any CPU.ActiveCfg = Release|Any CPU
		{584F5B98-304E-4519-A864-7FD917237139}.Release|Any CPU.Build.0 = Release|Any CPU
		{7C1F9A4B-0918-4C2F-86FE-19060B5B4A9D}.Debug|Any CPU.ActiveCfg = Debug|Any CPU
		{7C1F9A4B-0918-4C2F-86FE-19060B5B4A9D}.Debug|Any CPU.Build.0 = Debug|Any CPU
		{7C1F9A4B-0918-4C2F-86FE-19060B5B4A9D}.Release|Any CPU.ActiveCfg = Release|Any CPU
		{7C1F9A4B-0918-4C2F-86FE-19060B5B4A9D}.Release|Any CPU.Build.0 = Release|Any CPU
		{BF96A771-1C89-475B-9CD2-003CA5F820AC}.Debug|Any CPU.ActiveCfg = Debug|Any CPU
		{BF96A771-1C89-475B-9CD2-003CA5F820AC}.Debug|Any CPU.Build.0 = Debug|Any CPU
		{BF96A771-1C89-475B-9CD2-003CA5F820AC}.Release|Any CPU.ActiveCfg = Release|Any CPU
		{BF96A771-1C89-475B-9CD2-003CA5F820AC}.Release|Any CPU.Build.0 = Release|Any CPU
	EndGlobalSection
	GlobalSection(SolutionProperties) = preSolution
		HideSolutionNode = FALSE
	EndGlobalSection
EndGlobal
