
Microsoft Visual Studio Solution File, Format Version 12.00
# Visual Studio 14
VisualStudioVersion = 14.0.25420.1
MinimumVisualStudioVersion = 10.0.40219.1
Project("{FAE04EC0-301F-11D3-BF4B-00C04F79EFBC}") = "CompareSimpleMaths", "CompareSimpleMaths\CompareSimpleMaths.csproj", "{C637361C-2C79-4509-85AF-2F83716CF8DB}"
EndProject
Project("{FAE04EC0-301F-11D3-BF4B-00C04F79EFBC}") = "CompareAdvancedMaths", "CompareAdvancedMaths\CompareAdvancedMaths.csproj", "{64F2BE64-DC3F-4628-B26E-F9D3B8379994}"
EndProject
Global
	GlobalSection(SolutionConfigurationPlatforms) = preSolution
		Debug|Any CPU = Debug|Any CPU
		Release|Any CPU = Release|Any CPU
	EndGlobalSection
	GlobalSection(ProjectConfigurationPlatforms) = postSolution
		{C637361C-2C79-4509-85AF-2F83716CF8DB}.Debug|Any CPU.ActiveCfg = Debug|Any CPU
		{C637361C-2C79-4509-85AF-2F83716CF8DB}.Debug|Any CPU.Build.0 = Debug|Any CPU
		{C637361C-2C79-4509-85AF-2F83716CF8DB}.Release|Any CPU.ActiveCfg = Release|Any CPU
		{C637361C-2C79-4509-85AF-2F83716CF8DB}.Release|Any CPU.Build.0 = Release|Any CPU
		{64F2BE64-DC3F-4628-B26E-F9D3B8379994}.Debug|Any CPU.ActiveCfg = Debug|Any CPU
		{64F2BE64-DC3F-4628-B26E-F9D3B8379994}.Debug|Any CPU.Build.0 = Debug|Any CPU
		{64F2BE64-DC3F-4628-B26E-F9D3B8379994}.Release|Any CPU.ActiveCfg = Release|Any CPU
		{64F2BE64-DC3F-4628-B26E-F9D3B8379994}.Release|Any CPU.Build.0 = Release|Any CPU
	EndGlobalSection
	GlobalSection(SolutionProperties) = preSolution
		HideSolutionNode = FALSE
	EndGlobalSection
EndGlobal
