
Microsoft Visual Studio Solution File, Format Version 12.00
# Visual Studio 14
VisualStudioVersion = 14.0.25420.1
MinimumVisualStudioVersion = 10.0.40219.1
Project("{FAE04EC0-301F-11D3-BF4B-00C04F79EFBC}") = "University.App", "University.App\University.App.csproj", "{EF6947D2-F455-4DBA-811D-C58B3C2476D5}"
EndProject
Project("{FAE04EC0-301F-11D3-BF4B-00C04F79EFBC}") = "University.Data", "University.Data\University.Data.csproj", "{E2E6866A-0F75-49DA-A16B-918820409611}"
EndProject
Project("{FAE04EC0-301F-11D3-BF4B-00C04F79EFBC}") = "University.DataModels", "University.DataModels\University.DataModels.csproj", "{D984596D-85E3-4F5E-9AC9-023D9668960E}"
EndProject
Global
	GlobalSection(SolutionConfigurationPlatforms) = preSolution
		Debug|Any CPU = Debug|Any CPU
		Release|Any CPU = Release|Any CPU
	EndGlobalSection
	GlobalSection(ProjectConfigurationPlatforms) = postSolution
		{EF6947D2-F455-4DBA-811D-C58B3C2476D5}.Debug|Any CPU.ActiveCfg = Debug|Any CPU
		{EF6947D2-F455-4DBA-811D-C58B3C2476D5}.Debug|Any CPU.Build.0 = Debug|Any CPU
		{EF6947D2-F455-4DBA-811D-C58B3C2476D5}.Release|Any CPU.ActiveCfg = Release|Any CPU
		{EF6947D2-F455-4DBA-811D-C58B3C2476D5}.Release|Any CPU.Build.0 = Release|Any CPU
		{E2E6866A-0F75-49DA-A16B-918820409611}.Debug|Any CPU.ActiveCfg = Debug|Any CPU
		{E2E6866A-0F75-49DA-A16B-918820409611}.Debug|Any CPU.Build.0 = Debug|Any CPU
		{E2E6866A-0F75-49DA-A16B-918820409611}.Release|Any CPU.ActiveCfg = Release|Any CPU
		{E2E6866A-0F75-49DA-A16B-918820409611}.Release|Any CPU.Build.0 = Release|Any CPU
		{D984596D-85E3-4F5E-9AC9-023D9668960E}.Debug|Any CPU.ActiveCfg = Debug|Any CPU
		{D984596D-85E3-4F5E-9AC9-023D9668960E}.Debug|Any CPU.Build.0 = Debug|Any CPU
		{D984596D-85E3-4F5E-9AC9-023D9668960E}.Release|Any CPU.ActiveCfg = Release|Any CPU
		{D984596D-85E3-4F5E-9AC9-023D9668960E}.Release|Any CPU.Build.0 = Release|Any CPU
	EndGlobalSection
	GlobalSection(SolutionProperties) = preSolution
		HideSolutionNode = FALSE
	EndGlobalSection
EndGlobal
