
Microsoft Visual Studio Solution File, Format Version 12.00
# Visual Studio 14
VisualStudioVersion = 14.0.24720.0
MinimumVisualStudioVersion = 10.0.40219.1
Project("{FAE04EC0-301F-11D3-BF4B-00C04F79EFBC}") = "01.Shapes", "01.Shapes\01.Shapes.csproj", "{C5EBB02A-ED72-45B2-BE55-7135F2AE128B}"
EndProject
Project("{FAE04EC0-301F-11D3-BF4B-00C04F79EFBC}") = "02.BankAccounts", "02.BankAccounts\02.BankAccounts.csproj", "{143F1259-B46C-4F03-8A48-C8D29BB12A10}"
EndProject
Project("{FAE04EC0-301F-11D3-BF4B-00C04F79EFBC}") = "03.RangeExceptions", "03.RangeExceptions\03.RangeExceptions.csproj", "{B2945F5D-58A9-429C-AC1D-CD003B600BCD}"
EndProject
Global
	GlobalSection(SolutionConfigurationPlatforms) = preSolution
		Debug|Any CPU = Debug|Any CPU
		Release|Any CPU = Release|Any CPU
	EndGlobalSection
	GlobalSection(ProjectConfigurationPlatforms) = postSolution
		{C5EBB02A-ED72-45B2-BE55-7135F2AE128B}.Debug|Any CPU.ActiveCfg = Debug|Any CPU
		{C5EBB02A-ED72-45B2-BE55-7135F2AE128B}.Debug|Any CPU.Build.0 = Debug|Any CPU
		{C5EBB02A-ED72-45B2-BE55-7135F2AE128B}.Release|Any CPU.ActiveCfg = Release|Any CPU
		{C5EBB02A-ED72-45B2-BE55-7135F2AE128B}.Release|Any CPU.Build.0 = Release|Any CPU
		{143F1259-B46C-4F03-8A48-C8D29BB12A10}.Debug|Any CPU.ActiveCfg = Debug|Any CPU
		{143F1259-B46C-4F03-8A48-C8D29BB12A10}.Debug|Any CPU.Build.0 = Debug|Any CPU
		{143F1259-B46C-4F03-8A48-C8D29BB12A10}.Release|Any CPU.ActiveCfg = Release|Any CPU
		{143F1259-B46C-4F03-8A48-C8D29BB12A10}.Release|Any CPU.Build.0 = Release|Any CPU
		{B2945F5D-58A9-429C-AC1D-CD003B600BCD}.Debug|Any CPU.ActiveCfg = Debug|Any CPU
		{B2945F5D-58A9-429C-AC1D-CD003B600BCD}.Debug|Any CPU.Build.0 = Debug|Any CPU
		{B2945F5D-58A9-429C-AC1D-CD003B600BCD}.Release|Any CPU.ActiveCfg = Release|Any CPU
		{B2945F5D-58A9-429C-AC1D-CD003B600BCD}.Release|Any CPU.Build.0 = Release|Any CPU
	EndGlobalSection
	GlobalSection(SolutionProperties) = preSolution
		HideSolutionNode = FALSE
	EndGlobalSection
EndGlobal
